
Microsoft Visual Studio Solution File, Format Version 12.00
# Visual Studio Version 16
VisualStudioVersion = 16.0.29709.97
MinimumVisualStudioVersion = 10.0.40219.1
Project("{FAE04EC0-301F-11D3-BF4B-00C04F79EFBC}") = "sbid", "sbid\sbid.csproj", "{CABE97DA-813A-4D7D-866B-CE629115139D}"
EndProject
Global
	GlobalSection(SolutionConfigurationPlatforms) = preSolution
		Debug|Any CPU = Debug|Any CPU
		Release|Any CPU = Release|Any CPU
	EndGlobalSection
	GlobalSection(ProjectConfigurationPlatforms) = postSolution
		{CABE97DA-813A-4D7D-866B-CE629115139D}.Debug|Any CPU.ActiveCfg = Debug|Any CPU
		{CABE97DA-813A-4D7D-866B-CE629115139D}.Debug|Any CPU.Build.0 = Debug|Any CPU
		{CABE97DA-813A-4D7D-866B-CE629115139D}.Release|Any CPU.ActiveCfg = Release|Any CPU
		{CABE97DA-813A-4D7D-866B-CE629115139D}.Release|Any CPU.Build.0 = Release|Any CPU
	EndGlobalSection
	GlobalSection(SolutionProperties) = preSolution
		HideSolutionNode = FALSE
	EndGlobalSection
	GlobalSection(ExtensibilityGlobals) = postSolution
		SolutionGuid = {AB4342E4-3215-48EE-A4B0-D830F9F779A4}
	EndGlobalSection
EndGlobal
